
Microsoft Visual Studio Solution File, Format Version 12.00
# Visual Studio Version 17
VisualStudioVersion = 17.0.31903.59
MinimumVisualStudioVersion = 10.0.40219.1
Project("{2150E333-8FDC-42A3-9474-1A3956D46DE8}") = "Services", "Services", "{5854FF58-B8C5-05C6-5BF2-ACE42193F22B}"
EndProject
Project("{2150E333-8FDC-42A3-9474-1A3956D46DE8}") = "OrderService", "OrderService", "{05772A79-6677-48D6-4812-5BDCDF485F71}"
EndProject
Project("{FAE04EC0-301F-11D3-BF4B-00C04F79EFBC}") = "OrderService.API", "Services\OrderService\OrderService.API\OrderService.API.csproj", "{E46F0103-B1A0-4D6F-B66D-6382341632A4}"
EndProject
Project("{2150E333-8FDC-42A3-9474-1A3956D46DE8}") = "UserService", "UserService", "{BB9B0570-D764-F740-A1C1-3444BA1D5022}"
EndProject
Project("{FAE04EC0-301F-11D3-BF4B-00C04F79EFBC}") = "UserService.API", "Services\UserService\UserService.API\UserService.API.csproj", "{ECDA7DA0-4D57-4FC5-9E1E-7EDF53F6ACEA}"
EndProject
Project("{2150E333-8FDC-42A3-9474-1A3956D46DE8}") = "Gateway", "Gateway", "{E7BDDBC6-9FD1-D1D7-ACD8-2C4F8E3D2461}"
EndProject
Project("{FAE04EC0-301F-11D3-BF4B-00C04F79EFBC}") = "ApiGateway", "Gateway\ApiGateway\ApiGateway.csproj", "{2B191E06-0746-49C7-8A3F-2459C8ACF0D5}"
EndProject
Project("{FAE04EC0-301F-11D3-BF4B-00C04F79EFBC}") = "OrderService.Application", "Services\OrderService\OrderService.Application\OrderService.Application.csproj", "{D120F901-1B95-4AE0-8608-90B7C182CE51}"
EndProject
Project("{FAE04EC0-301F-11D3-BF4B-00C04F79EFBC}") = "OrderService.Domain", "Services\OrderService\OrderService.Domain\OrderService.Domain.csproj", "{38473CB4-32CD-403B-90F8-605CC4EC44D2}"
EndProject
Project("{FAE04EC0-301F-11D3-BF4B-00C04F79EFBC}") = "OrderService.Infrastructure", "Services\OrderService\OrderService.Infrastructure\OrderService.Infrastructure.csproj", "{9E07E9F6-0B5D-4B29-9666-5E8A65CAB367}"
EndProject
Project("{FAE04EC0-301F-11D3-BF4B-00C04F79EFBC}") = "UserService.Application", "Services\UserService\UserService.Application\UserService.Application.csproj", "{83259D18-1437-4A66-BBB3-7970C34107FC}"
EndProject
Project("{FAE04EC0-301F-11D3-BF4B-00C04F79EFBC}") = "UserService.Domain", "Services\UserService\UserService.Domain\UserService.Domain.csproj", "{DDE13570-C6CB-49DD-B6FE-8B61B73C81DB}"
EndProject
Project("{FAE04EC0-301F-11D3-BF4B-00C04F79EFBC}") = "UserService.Infrastructure", "Services\UserService\UserService.Infrastructure\UserService.Infrastructure.csproj", "{1AE18CE6-7C16-4FBD-9B7E-D41136D3090A}"
EndProject
Project("{FAE04EC0-301F-11D3-BF4B-00C04F79EFBC}") = "BuildingBlocks", "BuildingBlocks\BuildingBlocks.csproj", "{94393055-8602-4A3E-9D45-8FA67C6DDC12}"
EndProject
Project("{2150E333-8FDC-42A3-9474-1A3956D46DE8}") = "Docker", "Docker", "{02EA681E-C7D8-13C7-8484-4AC65E1B71E8}"
	ProjectSection(SolutionItems) = preProject
		docker-compose.yml = docker-compose.yml
	EndProjectSection
EndProject
Global
	GlobalSection(SolutionConfigurationPlatforms) = preSolution
		Debug|Any CPU = Debug|Any CPU
		Debug|x64 = Debug|x64
		Debug|x86 = Debug|x86
		Release|Any CPU = Release|Any CPU
		Release|x64 = Release|x64
		Release|x86 = Release|x86
	EndGlobalSection
	GlobalSection(ProjectConfigurationPlatforms) = postSolution
		{E46F0103-B1A0-4D6F-B66D-6382341632A4}.Debug|Any CPU.ActiveCfg = Debug|Any CPU
		{E46F0103-B1A0-4D6F-B66D-6382341632A4}.Debug|Any CPU.Build.0 = Debug|Any CPU
		{E46F0103-B1A0-4D6F-B66D-6382341632A4}.Debug|x64.ActiveCfg = Debug|Any CPU
		{E46F0103-B1A0-4D6F-B66D-6382341632A4}.Debug|x64.Build.0 = Debug|Any CPU
		{E46F0103-B1A0-4D6F-B66D-6382341632A4}.Debug|x86.ActiveCfg = Debug|Any CPU
		{E46F0103-B1A0-4D6F-B66D-6382341632A4}.Debug|x86.Build.0 = Debug|Any CPU
		{E46F0103-B1A0-4D6F-B66D-6382341632A4}.Release|Any CPU.ActiveCfg = Release|Any CPU
		{E46F0103-B1A0-4D6F-B66D-6382341632A4}.Release|Any CPU.Build.0 = Release|Any CPU
		{E46F0103-B1A0-4D6F-B66D-6382341632A4}.Release|x64.ActiveCfg = Release|Any CPU
		{E46F0103-B1A0-4D6F-B66D-6382341632A4}.Release|x64.Build.0 = Release|Any CPU
		{E46F0103-B1A0-4D6F-B66D-6382341632A4}.Release|x86.ActiveCfg = Release|Any CPU
		{E46F0103-B1A0-4D6F-B66D-6382341632A4}.Release|x86.Build.0 = Release|Any CPU
		{ECDA7DA0-4D57-4FC5-9E1E-7EDF53F6ACEA}.Debug|Any CPU.ActiveCfg = Debug|Any CPU
		{ECDA7DA0-4D57-4FC5-9E1E-7EDF53F6ACEA}.Debug|Any CPU.Build.0 = Debug|Any CPU
		{ECDA7DA0-4D57-4FC5-9E1E-7EDF53F6ACEA}.Debug|x64.ActiveCfg = Debug|Any CPU
		{ECDA7DA0-4D57-4FC5-9E1E-7EDF53F6ACEA}.Debug|x64.Build.0 = Debug|Any CPU
		{ECDA7DA0-4D57-4FC5-9E1E-7EDF53F6ACEA}.Debug|x86.ActiveCfg = Debug|Any CPU
		{ECDA7DA0-4D57-4FC5-9E1E-7EDF53F6ACEA}.Debug|x86.Build.0 = Debug|Any CPU
		{ECDA7DA0-4D57-4FC5-9E1E-7EDF53F6ACEA}.Release|Any CPU.ActiveCfg = Release|Any CPU
		{ECDA7DA0-4D57-4FC5-9E1E-7EDF53F6ACEA}.Release|Any CPU.Build.0 = Release|Any CPU
		{ECDA7DA0-4D57-4FC5-9E1E-7EDF53F6ACEA}.Release|x64.ActiveCfg = Release|Any CPU
		{ECDA7DA0-4D57-4FC5-9E1E-7EDF53F6ACEA}.Release|x64.Build.0 = Release|Any CPU
		{ECDA7DA0-4D57-4FC5-9E1E-7EDF53F6ACEA}.Release|x86.ActiveCfg = Release|Any CPU
		{ECDA7DA0-4D57-4FC5-9E1E-7EDF53F6ACEA}.Release|x86.Build.0 = Release|Any CPU
		{2B191E06-0746-49C7-8A3F-2459C8ACF0D5}.Debug|Any CPU.ActiveCfg = Debug|Any CPU
		{2B191E06-0746-49C7-8A3F-2459C8ACF0D5}.Debug|Any CPU.Build.0 = Debug|Any CPU
		{2B191E06-0746-49C7-8A3F-2459C8ACF0D5}.Debug|x64.ActiveCfg = Debug|Any CPU
		{2B191E06-0746-49C7-8A3F-2459C8ACF0D5}.Debug|x64.Build.0 = Debug|Any CPU
		{2B191E06-0746-49C7-8A3F-2459C8ACF0D5}.Debug|x86.ActiveCfg = Debug|Any CPU
		{2B191E06-0746-49C7-8A3F-2459C8ACF0D5}.Debug|x86.Build.0 = Debug|Any CPU
		{2B191E06-0746-49C7-8A3F-2459C8ACF0D5}.Release|Any CPU.ActiveCfg = Release|Any CPU
		{2B191E06-0746-49C7-8A3F-2459C8ACF0D5}.Release|Any CPU.Build.0 = Release|Any CPU
		{2B191E06-0746-49C7-8A3F-2459C8ACF0D5}.Release|x64.ActiveCfg = Release|Any CPU
		{2B191E06-0746-49C7-8A3F-2459C8ACF0D5}.Release|x64.Build.0 = Release|Any CPU
		{2B191E06-0746-49C7-8A3F-2459C8ACF0D5}.Release|x86.ActiveCfg = Release|Any CPU
		{2B191E06-0746-49C7-8A3F-2459C8ACF0D5}.Release|x86.Build.0 = Release|Any CPU
		{D120F901-1B95-4AE0-8608-90B7C182CE51}.Debug|Any CPU.ActiveCfg = Debug|Any CPU
		{D120F901-1B95-4AE0-8608-90B7C182CE51}.Debug|Any CPU.Build.0 = Debug|Any CPU
		{D120F901-1B95-4AE0-8608-90B7C182CE51}.Debug|x64.ActiveCfg = Debug|Any CPU
		{D120F901-1B95-4AE0-8608-90B7C182CE51}.Debug|x64.Build.0 = Debug|Any CPU
		{D120F901-1B95-4AE0-8608-90B7C182CE51}.Debug|x86.ActiveCfg = Debug|Any CPU
		{D120F901-1B95-4AE0-8608-90B7C182CE51}.Debug|x86.Build.0 = Debug|Any CPU
		{D120F901-1B95-4AE0-8608-90B7C182CE51}.Release|Any CPU.ActiveCfg = Release|Any CPU
		{D120F901-1B95-4AE0-8608-90B7C182CE51}.Release|Any CPU.Build.0 = Release|Any CPU
		{D120F901-1B95-4AE0-8608-90B7C182CE51}.Release|x64.ActiveCfg = Release|Any CPU
		{D120F901-1B95-4AE0-8608-90B7C182CE51}.Release|x64.Build.0 = Release|Any CPU
		{D120F901-1B95-4AE0-8608-90B7C182CE51}.Release|x86.ActiveCfg = Release|Any CPU
		{D120F901-1B95-4AE0-8608-90B7C182CE51}.Release|x86.Build.0 = Release|Any CPU
		{38473CB4-32CD-403B-90F8-605CC4EC44D2}.Debug|Any CPU.ActiveCfg = Debug|Any CPU
		{38473CB4-32CD-403B-90F8-605CC4EC44D2}.Debug|Any CPU.Build.0 = Debug|Any CPU
		{38473CB4-32CD-403B-90F8-605CC4EC44D2}.Debug|x64.ActiveCfg = Debug|Any CPU
		{38473CB4-32CD-403B-90F8-605CC4EC44D2}.Debug|x64.Build.0 = Debug|Any CPU
		{38473CB4-32CD-403B-90F8-605CC4EC44D2}.Debug|x86.ActiveCfg = Debug|Any CPU
		{38473CB4-32CD-403B-90F8-605CC4EC44D2}.Debug|x86.Build.0 = Debug|Any CPU
		{38473CB4-32CD-403B-90F8-605CC4EC44D2}.Release|Any CPU.ActiveCfg = Release|Any CPU
		{38473CB4-32CD-403B-90F8-605CC4EC44D2}.Release|Any CPU.Build.0 = Release|Any CPU
		{38473CB4-32CD-403B-90F8-605CC4EC44D2}.Release|x64.ActiveCfg = Release|Any CPU
		{38473CB4-32CD-403B-90F8-605CC4EC44D2}.Release|x64.Build.0 = Release|Any CPU
		{38473CB4-32CD-403B-90F8-605CC4EC44D2}.Release|x86.ActiveCfg = Release|Any CPU
		{38473CB4-32CD-403B-90F8-605CC4EC44D2}.Release|x86.Build.0 = Release|Any CPU
		{9E07E9F6-0B5D-4B29-9666-5E8A65CAB367}.Debug|Any CPU.ActiveCfg = Debug|Any CPU
		{9E07E9F6-0B5D-4B29-9666-5E8A65CAB367}.Debug|Any CPU.Build.0 = Debug|Any CPU
		{9E07E9F6-0B5D-4B29-9666-5E8A65CAB367}.Debug|x64.ActiveCfg = Debug|Any CPU
		{9E07E9F6-0B5D-4B29-9666-5E8A65CAB367}.Debug|x64.Build.0 = Debug|Any CPU
		{9E07E9F6-0B5D-4B29-9666-5E8A65CAB367}.Debug|x86.ActiveCfg = Debug|Any CPU
		{9E07E9F6-0B5D-4B29-9666-5E8A65CAB367}.Debug|x86.Build.0 = Debug|Any CPU
		{9E07E9F6-0B5D-4B29-9666-5E8A65CAB367}.Release|Any CPU.ActiveCfg = Release|Any CPU
		{9E07E9F6-0B5D-4B29-9666-5E8A65CAB367}.Release|Any CPU.Build.0 = Release|Any CPU
		{9E07E9F6-0B5D-4B29-9666-5E8A65CAB367}.Release|x64.ActiveCfg = Release|Any CPU
		{9E07E9F6-0B5D-4B29-9666-5E8A65CAB367}.Release|x64.Build.0 = Release|Any CPU
		{9E07E9F6-0B5D-4B29-9666-5E8A65CAB367}.Release|x86.ActiveCfg = Release|Any CPU
		{9E07E9F6-0B5D-4B29-9666-5E8A65CAB367}.Release|x86.Build.0 = Release|Any CPU
		{83259D18-1437-4A66-BBB3-7970C34107FC}.Debug|Any CPU.ActiveCfg = Debug|Any CPU
		{83259D18-1437-4A66-BBB3-7970C34107FC}.Debug|Any CPU.Build.0 = Debug|Any CPU
		{83259D18-1437-4A66-BBB3-7970C34107FC}.Debug|x64.ActiveCfg = Debug|Any CPU
		{83259D18-1437-4A66-BBB3-7970C34107FC}.Debug|x64.Build.0 = Debug|Any CPU
		{83259D18-1437-4A66-BBB3-7970C34107FC}.Debug|x86.ActiveCfg = Debug|Any CPU
		{83259D18-1437-4A66-BBB3-7970C34107FC}.Debug|x86.Build.0 = Debug|Any CPU
		{83259D18-1437-4A66-BBB3-7970C34107FC}.Release|Any CPU.ActiveCfg = Release|Any CPU
		{83259D18-1437-4A66-BBB3-7970C34107FC}.Release|Any CPU.Build.0 = Release|Any CPU
		{83259D18-1437-4A66-BBB3-7970C34107FC}.Release|x64.ActiveCfg = Release|Any CPU
		{83259D18-1437-4A66-BBB3-7970C34107FC}.Release|x64.Build.0 = Release|Any CPU
		{83259D18-1437-4A66-BBB3-7970C34107FC}.Release|x86.ActiveCfg = Release|Any CPU
		{83259D18-1437-4A66-BBB3-7970C34107FC}.Release|x86.Build.0 = Release|Any CPU
		{DDE13570-C6CB-49DD-B6FE-8B61B73C81DB}.Debug|Any CPU.ActiveCfg = Debug|Any CPU
		{DDE13570-C6CB-49DD-B6FE-8B61B73C81DB}.Debug|Any CPU.Build.0 = Debug|Any CPU
		{DDE13570-C6CB-49DD-B6FE-8B61B73C81DB}.Debug|x64.ActiveCfg = Debug|Any CPU
		{DDE13570-C6CB-49DD-B6FE-8B61B73C81DB}.Debug|x64.Build.0 = Debug|Any CPU
		{DDE13570-C6CB-49DD-B6FE-8B61B73C81DB}.Debug|x86.ActiveCfg = Debug|Any CPU
		{DDE13570-C6CB-49DD-B6FE-8B61B73C81DB}.Debug|x86.Build.0 = Debug|Any CPU
		{DDE13570-C6CB-49DD-B6FE-8B61B73C81DB}.Release|Any CPU.ActiveCfg = Release|Any CPU
		{DDE13570-C6CB-49DD-B6FE-8B61B73C81DB}.Release|Any CPU.Build.0 = Release|Any CPU
		{DDE13570-C6CB-49DD-B6FE-8B61B73C81DB}.Release|x64.ActiveCfg = Release|Any CPU
		{DDE13570-C6CB-49DD-B6FE-8B61B73C81DB}.Release|x64.Build.0 = Release|Any CPU
		{DDE13570-C6CB-49DD-B6FE-8B61B73C81DB}.Release|x86.ActiveCfg = Release|Any CPU
		{DDE13570-C6CB-49DD-B6FE-8B61B73C81DB}.Release|x86.Build.0 = Release|Any CPU
		{1AE18CE6-7C16-4FBD-9B7E-D41136D3090A}.Debug|Any CPU.ActiveCfg = Debug|Any CPU
		{1AE18CE6-7C16-4FBD-9B7E-D41136D3090A}.Debug|Any CPU.Build.0 = Debug|Any CPU
		{1AE18CE6-7C16-4FBD-9B7E-D41136D3090A}.Debug|x64.ActiveCfg = Debug|Any CPU
		{1AE18CE6-7C16-4FBD-9B7E-D41136D3090A}.Debug|x64.Build.0 = Debug|Any CPU
		{1AE18CE6-7C16-4FBD-9B7E-D41136D3090A}.Debug|x86.ActiveCfg = Debug|Any CPU
		{1AE18CE6-7C16-4FBD-9B7E-D41136D3090A}.Debug|x86.Build.0 = Debug|Any CPU
		{1AE18CE6-7C16-4FBD-9B7E-D41136D3090A}.Release|Any CPU.ActiveCfg = Release|Any CPU
		{1AE18CE6-7C16-4FBD-9B7E-D41136D3090A}.Release|Any CPU.Build.0 = Release|Any CPU
		{1AE18CE6-7C16-4FBD-9B7E-D41136D3090A}.Release|x64.ActiveCfg = Release|Any CPU
		{1AE18CE6-7C16-4FBD-9B7E-D41136D3090A}.Release|x64.Build.0 = Release|Any CPU
		{1AE18CE6-7C16-4FBD-9B7E-D41136D3090A}.Release|x86.ActiveCfg = Release|Any CPU
		{1AE18CE6-7C16-4FBD-9B7E-D41136D3090A}.Release|x86.Build.0 = Release|Any CPU
		{94393055-8602-4A3E-9D45-8FA67C6DDC12}.Debug|Any CPU.ActiveCfg = Debug|Any CPU
		{94393055-8602-4A3E-9D45-8FA67C6DDC12}.Debug|Any CPU.Build.0 = Debug|Any CPU
		{94393055-8602-4A3E-9D45-8FA67C6DDC12}.Debug|x64.ActiveCfg = Debug|Any CPU
		{94393055-8602-4A3E-9D45-8FA67C6DDC12}.Debug|x64.Build.0 = Debug|Any CPU
		{94393055-8602-4A3E-9D45-8FA67C6DDC12}.Debug|x86.ActiveCfg = Debug|Any CPU
		{94393055-8602-4A3E-9D45-8FA67C6DDC12}.Debug|x86.Build.0 = Debug|Any CPU
		{94393055-8602-4A3E-9D45-8FA67C6DDC12}.Release|Any CPU.ActiveCfg = Release|Any CPU
		{94393055-8602-4A3E-9D45-8FA67C6DDC12}.Release|Any CPU.Build.0 = Release|Any CPU
		{94393055-8602-4A3E-9D45-8FA67C6DDC12}.Release|x64.ActiveCfg = Release|Any CPU
		{94393055-8602-4A3E-9D45-8FA67C6DDC12}.Release|x64.Build.0 = Release|Any CPU
		{94393055-8602-4A3E-9D45-8FA67C6DDC12}.Release|x86.ActiveCfg = Release|Any CPU
		{94393055-8602-4A3E-9D45-8FA67C6DDC12}.Release|x86.Build.0 = Release|Any CPU
	EndGlobalSection
	GlobalSection(SolutionProperties) = preSolution
		HideSolutionNode = FALSE
	EndGlobalSection
	GlobalSection(NestedProjects) = preSolution
		{05772A79-6677-48D6-4812-5BDCDF485F71} = {5854FF58-B8C5-05C6-5BF2-ACE42193F22B}
		{E46F0103-B1A0-4D6F-B66D-6382341632A4} = {05772A79-6677-48D6-4812-5BDCDF485F71}
		{BB9B0570-D764-F740-A1C1-3444BA1D5022} = {5854FF58-B8C5-05C6-5BF2-ACE42193F22B}
		{ECDA7DA0-4D57-4FC5-9E1E-7EDF53F6ACEA} = {BB9B0570-D764-F740-A1C1-3444BA1D5022}
		{2B191E06-0746-49C7-8A3F-2459C8ACF0D5} = {E7BDDBC6-9FD1-D1D7-ACD8-2C4F8E3D2461}
		{D120F901-1B95-4AE0-8608-90B7C182CE51} = {05772A79-6677-48D6-4812-5BDCDF485F71}
		{38473CB4-32CD-403B-90F8-605CC4EC44D2} = {05772A79-6677-48D6-4812-5BDCDF485F71}
		{9E07E9F6-0B5D-4B29-9666-5E8A65CAB367} = {05772A79-6677-48D6-4812-5BDCDF485F71}
		{83259D18-1437-4A66-BBB3-7970C34107FC} = {BB9B0570-D764-F740-A1C1-3444BA1D5022}
		{DDE13570-C6CB-49DD-B6FE-8B61B73C81DB} = {BB9B0570-D764-F740-A1C1-3444BA1D5022}
		{1AE18CE6-7C16-4FBD-9B7E-D41136D3090A} = {BB9B0570-D764-F740-A1C1-3444BA1D5022}
	EndGlobalSection
	GlobalSection(ExtensibilityGlobals) = postSolution
		SolutionGuid = {A8DCA729-4C3A-468B-8B5E-6297A6AB30F4}
	EndGlobalSection
EndGlobal
